# This file is autogenerated, do not edit; changes may be undone by the next 'dep ensure'.


[[projects]]
  branch = "patches"
  name = "github.com/ProtonMail/ui"
  packages = ["."]
  revision = "e2f5304f29b1e0d151c388112a675fd8addc2fc2"

[[projects]]
  branch = "master"
  name = "github.com/adelolmo/delugeclient"
  packages = ["."]
  revision = "4d4be241bc255a09fb8a6cd62075219d386b11bd"

[[projects]]
  branch = "master"
  name = "golang.org/x/net"
  packages = ["idna","publicsuffix"]
  revision = "faacc1b5e36e3ff02cbec9661c69ac63dd5a83ad"

[[projects]]
  branch = "master"
  name = "golang.org/x/text"
  packages = ["collate","collate/build","internal/colltab","internal/gen","internal/tag","internal/triegen","internal/ucd","language","secure/bidirule","transform","unicode/bidi","unicode/cldr","unicode/norm","unicode/rangetable"]
  revision = "be25de41fadfae372d6470bda81ca6beb55ef551"

[solve-meta]
  analyzer-name = "dep"
  analyzer-version = 1
  inputs-digest = "7d51c127a8893d9c00fb86c26e07466b8d7294e90fbcd5ed6b398f43f873d307"
  solver-name = "gps-cdcl"
  solver-version = 1
