# This file is autogenerated, do not edit; changes may be undone by the next 'dep ensure'.


[[projects]]
  digest = "1:fd9087cea54e77cab1bd97c63a001e1807f5e7e3a719a91e7312ad0d82e39fed"
  name = "github.com/adelolmo/delugeclient"
  packages = ["."]
  pruneopts = ""
  revision = "856f9a76dcffd02d2cdee9086102dd5463067228"
  version = "0.1.0"

[[projects]]
  digest = "1:04d0670663bd17f1a3f2572128194946be3c5287befd2c5929b9fc6bd6cc8a72"
  name = "github.com/anacrolix/missinggo"
  packages = [
    ".",
    "expect",
    "slices",
  ]
  pruneopts = ""
  revision = "f669462834b0bf17368dc66fa6963f28e04c0468"
  version = "v2.2.0"

[[projects]]
  digest = "1:ede69011dc4fad7e1e775dd70719d2485c9656cad881dbf4ef0898d0d9e2d53e"
  name = "github.com/anacrolix/torrent"
  packages = [
    "bencode",
    "metainfo",
  ]
  pruneopts = ""
  revision = "00efae11eeeab21552867be3092786a7885b9dfc"
  version = "v1.7.0"

[[projects]]
  digest = "1:e3042848e0226c44a9f0b88eefc871eb8d5955ab7c5e075137848c0fd2dccbd6"
  name = "github.com/andlabs/ui"
  packages = ["."]
  pruneopts = ""
  revision = "867a9e5a498d85e2722730ed88c5f00560c7c354"

[[projects]]
  branch = "master"
  digest = "1:6cd244753eadc6b8055d87be7846f4e5eac4297e947ccab5533e716686ef9b92"
  name = "github.com/bradfitz/iter"
  packages = ["."]
  pruneopts = ""
  revision = "33e6a9893b0c090a6ba5a4227a98c4145c61d09a"

[[projects]]
  digest = "1:35979179658d20a73693589e67bdc3baf4dc0ef9f524b1dfd3cc55fb5f6ae384"
  name = "github.com/huandu/xstrings"
  packages = ["."]
  pruneopts = ""
  revision = "f02667b379e2fb5916c3cda2cf31e0eb885d79f8"
  version = "v1.2.0"

[[projects]]
  branch = "master"
  digest = "1:950b672f2ee80d0fc4c95a15a976ba9ee573a6fb8ede8a777770b2230776367e"
  name = "golang.org/x/net"
  packages = [
    "idna",
    "publicsuffix",
  ]
  pruneopts = ""
  revision = "faacc1b5e36e3ff02cbec9661c69ac63dd5a83ad"

[[projects]]
  branch = "master"
  digest = "1:1c70f7bb89783a026dc32920575a3feef48e065ef6e170ad227903e8194d7a36"
  name = "golang.org/x/text"
  packages = [
    "collate",
    "collate/build",
    "internal/colltab",
    "internal/gen",
    "internal/tag",
    "internal/triegen",
    "internal/ucd",
    "language",
    "secure/bidirule",
    "transform",
    "unicode/bidi",
    "unicode/cldr",
    "unicode/norm",
    "unicode/rangetable",
  ]
  pruneopts = ""
  revision = "be25de41fadfae372d6470bda81ca6beb55ef551"

[solve-meta]
  analyzer-name = "dep"
  analyzer-version = 1
  input-imports = [
    "github.com/adelolmo/delugeclient",
    "github.com/anacrolix/torrent/metainfo",
    "github.com/andlabs/ui",
  ]
  solver-name = "gps-cdcl"
  solver-version = 1
